
Microsoft Visual Studio Solution File, Format Version 12.00
# Visual Studio Version 16
VisualStudioVersion = 16.0.30413.136
MinimumVisualStudioVersion = 10.0.40219.1
Project("{FAE04EC0-301F-11D3-BF4B-00C04F79EFBC}") = "Zadatak_1", "Zadatak_1\Zadatak_1.csproj", "{55A89AB3-166E-41DD-830A-5E96D9EB6968}"
EndProject
Global
	GlobalSection(SolutionConfigurationPlatforms) = preSolution
		Debug|Any CPU = Debug|Any CPU
		Release|Any CPU = Release|Any CPU
	EndGlobalSection
	GlobalSection(ProjectConfigurationPlatforms) = postSolution
		{55A89AB3-166E-41DD-830A-5E96D9EB6968}.Debug|Any CPU.ActiveCfg = Debug|Any CPU
		{55A89AB3-166E-41DD-830A-5E96D9EB6968}.Debug|Any CPU.Build.0 = Debug|Any CPU
		{55A89AB3-166E-41DD-830A-5E96D9EB6968}.Release|Any CPU.ActiveCfg = Release|Any CPU
		{55A89AB3-166E-41DD-830A-5E96D9EB6968}.Release|Any CPU.Build.0 = Release|Any CPU
	EndGlobalSection
	GlobalSection(SolutionProperties) = preSolution
		HideSolutionNode = FALSE
	EndGlobalSection
	GlobalSection(ExtensibilityGlobals) = postSolution
		SolutionGuid = {19B4DEE3-ADD7-4703-9C98-00A45F4C2ADB}
	EndGlobalSection
EndGlobal
